
Microsoft Visual Studio Solution File, Format Version 12.00
# Visual Studio 15
VisualStudioVersion = 15.0.27130.2024
MinimumVisualStudioVersion = 10.0.40219.1
Project("{FAE04EC0-301F-11D3-BF4B-00C04F79EFBC}") = "SimpleCacheExample", "SimpleCacheExample\SimpleCacheExample.csproj", "{02295D63-FAA6-4BC6-8783-C71E33DC5455}"
EndProject
Project("{FAE04EC0-301F-11D3-BF4B-00C04F79EFBC}") = "SimpleCacheExample.Test", "SimpleCacheExample.Test\SimpleCacheExample.Test.csproj", "{51130A47-32ED-4511-B6C9-C36F3AA49893}"
EndProject
Global
	GlobalSection(SolutionConfigurationPlatforms) = preSolution
		Debug|Any CPU = Debug|Any CPU
		Release|Any CPU = Release|Any CPU
	EndGlobalSection
	GlobalSection(ProjectConfigurationPlatforms) = postSolution
		{02295D63-FAA6-4BC6-8783-C71E33DC5455}.Debug|Any CPU.ActiveCfg = Debug|Any CPU
		{02295D63-FAA6-4BC6-8783-C71E33DC5455}.Debug|Any CPU.Build.0 = Debug|Any CPU
		{02295D63-FAA6-4BC6-8783-C71E33DC5455}.Release|Any CPU.ActiveCfg = Release|Any CPU
		{02295D63-FAA6-4BC6-8783-C71E33DC5455}.Release|Any CPU.Build.0 = Release|Any CPU
		{51130A47-32ED-4511-B6C9-C36F3AA49893}.Debug|Any CPU.ActiveCfg = Debug|Any CPU
		{51130A47-32ED-4511-B6C9-C36F3AA49893}.Debug|Any CPU.Build.0 = Debug|Any CPU
		{51130A47-32ED-4511-B6C9-C36F3AA49893}.Release|Any CPU.ActiveCfg = Release|Any CPU
		{51130A47-32ED-4511-B6C9-C36F3AA49893}.Release|Any CPU.Build.0 = Release|Any CPU
	EndGlobalSection
	GlobalSection(SolutionProperties) = preSolution
		HideSolutionNode = FALSE
	EndGlobalSection
	GlobalSection(ExtensibilityGlobals) = postSolution
		SolutionGuid = {91C3295B-BC5A-49C7-9B17-1C5750774A86}
	EndGlobalSection
EndGlobal
